
Microsoft Visual Studio Solution File, Format Version 12.00
# Visual Studio Version 17
VisualStudioVersion = 17.0.31903.59
MinimumVisualStudioVersion = 10.0.40219.1
Project("{9A19103F-16F7-4668-BE54-9A1E7A4F7556}") = "ServerCore", "ServerStudyCs\ServerCore.csproj", "{CF07BAA1-7C3B-4792-8D6A-191A0D2E67D0}"
EndProject
Project("{9A19103F-16F7-4668-BE54-9A1E7A4F7556}") = "DummyClient", "DummyClient\DummyClient.csproj", "{02E33185-9680-40CA-81B1-5F1671727D43}"
EndProject
Project("{FAE04EC0-301F-11D3-BF4B-00C04F79EFBC}") = "Server", "ServerCore\Server.csproj", "{EFDFC031-199C-4D09-B799-B1879FFEDD58}"
EndProject
Global
	GlobalSection(SolutionConfigurationPlatforms) = preSolution
		Debug|Any CPU = Debug|Any CPU
		Release|Any CPU = Release|Any CPU
	EndGlobalSection
	GlobalSection(ProjectConfigurationPlatforms) = postSolution
		{CF07BAA1-7C3B-4792-8D6A-191A0D2E67D0}.Debug|Any CPU.ActiveCfg = Debug|Any CPU
		{CF07BAA1-7C3B-4792-8D6A-191A0D2E67D0}.Debug|Any CPU.Build.0 = Debug|Any CPU
		{CF07BAA1-7C3B-4792-8D6A-191A0D2E67D0}.Release|Any CPU.ActiveCfg = Release|Any CPU
		{CF07BAA1-7C3B-4792-8D6A-191A0D2E67D0}.Release|Any CPU.Build.0 = Release|Any CPU
		{02E33185-9680-40CA-81B1-5F1671727D43}.Debug|Any CPU.ActiveCfg = Debug|Any CPU
		{02E33185-9680-40CA-81B1-5F1671727D43}.Debug|Any CPU.Build.0 = Debug|Any CPU
		{02E33185-9680-40CA-81B1-5F1671727D43}.Release|Any CPU.ActiveCfg = Release|Any CPU
		{02E33185-9680-40CA-81B1-5F1671727D43}.Release|Any CPU.Build.0 = Release|Any CPU
		{EFDFC031-199C-4D09-B799-B1879FFEDD58}.Debug|Any CPU.ActiveCfg = Debug|Any CPU
		{EFDFC031-199C-4D09-B799-B1879FFEDD58}.Debug|Any CPU.Build.0 = Debug|Any CPU
		{EFDFC031-199C-4D09-B799-B1879FFEDD58}.Release|Any CPU.ActiveCfg = Release|Any CPU
		{EFDFC031-199C-4D09-B799-B1879FFEDD58}.Release|Any CPU.Build.0 = Release|Any CPU
	EndGlobalSection
	GlobalSection(SolutionProperties) = preSolution
		HideSolutionNode = FALSE
	EndGlobalSection
	GlobalSection(ExtensibilityGlobals) = postSolution
		SolutionGuid = {78184D0C-D44F-480E-8EDE-FBD4EACF7E54}
	EndGlobalSection
EndGlobal
