
Microsoft Visual Studio Solution File, Format Version 12.00
# Visual Studio Version 17
VisualStudioVersion = 17.0.31903.59
MinimumVisualStudioVersion = 10.0.40219.1
Project("{8BC9CEB8-8B4A-11D0-8D11-00A0C91BC942}") = "Project1", "Project1\Project1.vcxproj", "{3AF358BE-8FD5-40A8-AD6E-BC8845DACE8F}"
EndProject
Global
	GlobalSection(SolutionConfigurationPlatforms) = preSolution
		Debug|x64 = Debug|x64
		Debug|x86 = Debug|x86
		Release|x64 = Release|x64
		Release|x86 = Release|x86
	EndGlobalSection
	GlobalSection(ProjectConfigurationPlatforms) = postSolution
		{3AF358BE-8FD5-40A8-AD6E-BC8845DACE8F}.Debug|x64.ActiveCfg = Debug|x64
		{3AF358BE-8FD5-40A8-AD6E-BC8845DACE8F}.Debug|x64.Build.0 = Debug|x64
		{3AF358BE-8FD5-40A8-AD6E-BC8845DACE8F}.Debug|x86.ActiveCfg = Debug|Win32
		{3AF358BE-8FD5-40A8-AD6E-BC8845DACE8F}.Debug|x86.Build.0 = Debug|Win32
		{3AF358BE-8FD5-40A8-AD6E-BC8845DACE8F}.Release|x64.ActiveCfg = Release|x64
		{3AF358BE-8FD5-40A8-AD6E-BC8845DACE8F}.Release|x64.Build.0 = Release|x64
		{3AF358BE-8FD5-40A8-AD6E-BC8845DACE8F}.Release|x86.ActiveCfg = Release|Win32
		{3AF358BE-8FD5-40A8-AD6E-BC8845DACE8F}.Release|x86.Build.0 = Release|Win32
	EndGlobalSection
	GlobalSection(SolutionProperties) = preSolution
		HideSolutionNode = FALSE
	EndGlobalSection
	GlobalSection(ExtensibilityGlobals) = postSolution
		SolutionGuid = {BAEA6C63-3127-4E0F-85C8-D70219232222}
	EndGlobalSection
EndGlobal
