
Microsoft Visual Studio Solution File, Format Version 12.00
# Visual Studio Version 17
VisualStudioVersion = 17.0.31903.59
MinimumVisualStudioVersion = 10.0.40219.1
Project("{FAE04EC0-301F-11D3-BF4B-00C04F79EFBC}") = "TableCreate", "TableCreate\TableCreate.csproj", "{AC49AEA7-53D6-4CC9-AC8C-DD995971EBF9}"
EndProject
Global
	GlobalSection(SolutionConfigurationPlatforms) = preSolution
		Debug|Any CPU = Debug|Any CPU
		Release|Any CPU = Release|Any CPU
	EndGlobalSection
	GlobalSection(ProjectConfigurationPlatforms) = postSolution
		{AC49AEA7-53D6-4CC9-AC8C-DD995971EBF9}.Debug|Any CPU.ActiveCfg = Debug|Any CPU
		{AC49AEA7-53D6-4CC9-AC8C-DD995971EBF9}.Debug|Any CPU.Build.0 = Debug|Any CPU
		{AC49AEA7-53D6-4CC9-AC8C-DD995971EBF9}.Release|Any CPU.ActiveCfg = Release|Any CPU
		{AC49AEA7-53D6-4CC9-AC8C-DD995971EBF9}.Release|Any CPU.Build.0 = Release|Any CPU
	EndGlobalSection
	GlobalSection(SolutionProperties) = preSolution
		HideSolutionNode = FALSE
	EndGlobalSection
	GlobalSection(ExtensibilityGlobals) = postSolution
		SolutionGuid = {C59BB480-4B28-40A5-96F8-E91A96E750C6}
	EndGlobalSection
EndGlobal
